
Microsoft Visual Studio Solution File, Format Version 12.00
# Visual Studio Version 17
VisualStudioVersion = 17.8.34525.116
MinimumVisualStudioVersion = 10.0.40219.1
Project("{FAE04EC0-301F-11D3-BF4B-00C04F79EFBC}") = "BetterItemHandling", "BetterItemHandling\BetterItemHandling.csproj", "{720DA739-E8D1-43B9-8C42-91549AED98AB}"
EndProject
Global
	GlobalSection(SolutionConfigurationPlatforms) = preSolution
		Debug|Any CPU = Debug|Any CPU
		Release|Any CPU = Release|Any CPU
	EndGlobalSection
	GlobalSection(ProjectConfigurationPlatforms) = postSolution
		{720DA739-E8D1-43B9-8C42-91549AED98AB}.Debug|Any CPU.ActiveCfg = Debug|Any CPU
		{720DA739-E8D1-43B9-8C42-91549AED98AB}.Debug|Any CPU.Build.0 = Debug|Any CPU
		{720DA739-E8D1-43B9-8C42-91549AED98AB}.Release|Any CPU.ActiveCfg = Release|Any CPU
		{720DA739-E8D1-43B9-8C42-91549AED98AB}.Release|Any CPU.Build.0 = Release|Any CPU
	EndGlobalSection
	GlobalSection(SolutionProperties) = preSolution
		HideSolutionNode = FALSE
	EndGlobalSection
	GlobalSection(ExtensibilityGlobals) = postSolution
		SolutionGuid = {DA22AFCB-95FB-4927-9076-67F2ADBEF3C2}
	EndGlobalSection
EndGlobal
